hash: 05a140334a952378dea38a436688722bbb10a8adbb2b130ee852fadd4c27aeac
updated: 2017-08-07T18:14:18.311695341+08:00
imports:
- name: github.com/agl/ed25519
  version: 5312a61534124124185d41f09206b9fef1d88403
  subpackages:
  - edwards25519
- name: github.com/amir/raidman
  version: 1ccc43bfb9c93cb401a4025e49c64ba71e5e668b
  subpackages:
  - proto
- name: github.com/garyburd/redigo
  version: 9e66b83d15a259978be267d0b61838c42c3904e3
  subpackages:
  - internal
  - redis
- name: github.com/golang/protobuf
  version: 748d386b5c1ea99658fd69fe9f03991ce86a90c1
  subpackages:
  - proto
- name: github.com/influxdata/influxdb
  version: 392fa03cf3cc98b78e606c34996976cea65b6814
  subpackages:
  - client/v2
  - models
  - pkg/escape
- name: github.com/kardianos/osext
  version: ae77be60afb1dcacde03767a8c37337fad28ac14
- name: github.com/toolkits/concurrent
  version: a4371d70e3e308db0d5f90c2b1f5efaa84add725
  subpackages:
  - semaphore
- name: github.com/toolkits/container
  version: ba7d73adeaca8dc16c676dedbbb48cc46d3eccb0
  subpackages:
  - list
- name: github.com/toolkits/file
  version: a5b3c5147e07f934d9f9d00b901a20b2529f1a57
- name: github.com/toolkits/net
  version: 3f39ab6fe3cec98207da42dab32703b498ed92e4
- name: github.com/toolkits/nux
  version: d5bf087ae58de8d83fbb04a0a8c8e9d739cb9620
- name: github.com/toolkits/proc
  version: 8c734d0eb0187a2e6b6926a8484c6af16b658ed4
- name: github.com/toolkits/slice
  version: e44a80af24848e28cf208d84778e62e660303159
- name: github.com/toolkits/sys
  version: 1f33b217ffafd62561fa8f5b4977dfe3099f47e3
- name: github.com/toolkits/time
  version: c274716e8d7f05a41031c2fe34b0c1ac6f5e94f9
- name: golang.org/x/net
  version: f5079bd7f6f74e23c4d65efa0f4ce14cbd6a3c0f
  subpackages:
  - proxy
testImports: []
