# This file is autogenerated, do not edit; changes may be undone by the next 'dep ensure'.


[[projects]]
  branch = "master"
  digest = "1:47ea4fbe2ab4aeb9808502c51e657041c2e49b36b83fc1c1a349135cdf16342f"
  name = "github.com/agl/ed25519"
  packages = [
    ".",
    "edwards25519",
  ]
  pruneopts = "UT"
  revision = "5312a61534124124185d41f09206b9fef1d88403"

[[projects]]
  branch = "master"
  digest = "1:388a3664075ad233ab111f9e8374e9121940da4487ea79f0b999465bfb0eadcb"
  name = "github.com/alouca/gologger"
  packages = ["."]
  pruneopts = "UT"
  revision = "7d4b7291de9c9df1b3fe6a3d784b3675b6c0c996"

[[projects]]
  branch = "master"
  digest = "1:8c1eb57ba1e7e111c4365b4447b4ec979e157ea34445b3d29feac0744c9389ee"
  name = "github.com/amir/raidman"
  packages = [
    ".",
    "proto",
  ]
  pruneopts = "UT"
  revision = "1ccc43bfb9c93cb401a4025e49c64ba71e5e668b"

[[projects]]
  digest = "1:92af3af7106897c682e665f62136f343708e293e62792578a5753af0473c7975"
  name = "github.com/cavaliercoder/grab"
  packages = ["."]
  pruneopts = "UT"
  revision = "2c8601de6d9ac140430fd4c9de28509a0b855af5"
  version = "v2.0.0"

[[projects]]
  branch = "master"
  digest = "1:ff9e8ce96d535200fff9e5abb4c7214359a9c39623241f578cae13e10d4f5426"
  name = "github.com/containerd/cgroups"
  packages = ["."]
  pruneopts = "UT"
  revision = "dbea6f2bd41658b84b00417ceefa416b979cbf10"

[[projects]]
  digest = "1:6f614c5193761d29b3184a170380672cafd025306261ce7810e2dd99907184c4"
  name = "github.com/coreos/go-systemd"
  packages = ["dbus"]
  pruneopts = "UT"
  revision = "9002847aa1425fb6ac49077c0a630b3b67e0fbfd"
  version = "v18"

[[projects]]
  digest = "1:6f82cacd0af5921e99bf3f46748705239b36489464f4529a1589bc895764fb18"
  name = "github.com/docker/go-units"
  packages = ["."]
  pruneopts = "UT"
  revision = "47565b4f722fb6ceae66b95f853feed578a4a51c"
  version = "v0.3.3"

[[projects]]
  branch = "master"
  digest = "1:9f3a60def1a1eb5ac184e71dde43c6f99606f54d106db7c95f8b8338629a777b"
  name = "github.com/freedomkk-qfeng/go-fastping"
  packages = ["."]
  pruneopts = "UT"
  revision = "d7bb493dee3e090e2ffb6914adddf17c1e7c026c"

[[projects]]
  branch = "master"
  digest = "1:1a0e718a8293e2b1d664d0c80e2dfb872115c48beb5108d191769c6356369a73"
  name = "github.com/gaochao1/gosnmp"
  packages = ["."]
  pruneopts = "UT"
  revision = "783a67a067fd5ead4ae37c06c301435204c75f30"

[[projects]]
  branch = "master"
  digest = "1:eaa7092a714a7daaa4ba31c222f34cc77fe0a06e4d16c52c029d12909ec49d7c"
  name = "github.com/gaochao1/sw"
  packages = ["."]
  pruneopts = "UT"
  revision = "5842711274554438e5103ce3df7e5be74b7b8acf"

[[projects]]
  digest = "1:0594af97b2f4cec6554086eeace6597e20a4b69466eb4ada25adf9f4300dddd2"
  name = "github.com/garyburd/redigo"
  packages = [
    "internal",
    "redis",
  ]
  pruneopts = "UT"
  revision = "a69d19351219b6dd56f274f96d85a7014a2ec34e"
  version = "v1.6.0"

[[projects]]
  digest = "1:b3d20bcdedab2050e6bc58e52f4fdc46f710b4c74e1a1ecee262ebec1aee7b6e"
  name = "github.com/godbus/dbus"
  packages = ["."]
  pruneopts = "UT"
  revision = "2ff6f7ffd60f0f2410b3105864bdd12c7894f844"
  version = "v5.0.1"

[[projects]]
  digest = "1:4652941215f23c7ad6546bab86964c72248a1134baa53f0df618661344ba5cac"
  name = "github.com/gogo/protobuf"
  packages = [
    "gogoproto",
    "proto",
    "protoc-gen-gogo/descriptor",
  ]
  pruneopts = "UT"
  revision = "ba06b47c162d49f2af050fb4c75bcbc86a159d5c"
  version = "v1.2.1"

[[projects]]
  digest = "1:318f1c959a8a740366fce4b1e1eb2fd914036b4af58fbd0a003349b305f118ad"
  name = "github.com/golang/protobuf"
  packages = ["proto"]
  pruneopts = "UT"
  revision = "b5d812f8a3706043e23a9cd5babf2e5423744d30"
  version = "v1.3.1"

[[projects]]
  digest = "1:fceb575e3343d80da4807c9bd73e76494931643fa4851e27239812155cf0a341"
  name = "github.com/influxdata/influxdb"
  packages = [
    "client/v2",
    "models",
    "pkg/escape",
  ]
  pruneopts = "UT"
  revision = "ef77e72f435b71b1ad6da7d6a6a4c4a262439379"
  version = "v1.7.4"

[[projects]]
  digest = "1:937258f1293bc9295b4789b0abea5b4ec030e3caecb65a4e1dc0b6999957a5ed"
  name = "github.com/influxdata/platform"
  packages = [
    "models",
    "pkg/escape",
  ]
  pruneopts = "UT"
  revision = "0f79e4ea3248354c789cba274542e0a8e55971db"

[[projects]]
  branch = "master"
  digest = "1:f433da6fbabb0bd1bd730fd340782015c644123d02eb78c20c69ce03352daad1"
  name = "github.com/kardianos/osext"
  packages = ["."]
  pruneopts = "UT"
  revision = "2bc1f35cddc0cc527b4bc3dce8578fc2a6c11384"

[[projects]]
  digest = "1:4c195ae33dbe8df4eb3485f3357788f47b614547abcd048cbcc59d9025db6b8d"
  name = "github.com/miekg/dns"
  packages = ["."]
  pruneopts = "UT"
  revision = "cc8cd02140663157ce797c6650488d6c8563f31f"
  version = "v1.1.6"

[[projects]]
  branch = "master"
  digest = "1:7a58202c5cdf3d2c1eb0621fe369315561cea7f036ad10f0f0479ac36bcc95eb"
  name = "github.com/opencontainers/runtime-spec"
  packages = ["specs-go"]
  pruneopts = "UT"
  revision = "197975d695ce66dc66709d358ac3362491238fcd"

[[projects]]
  digest = "1:cf31692c14422fa27c83a05292eb5cbe0fb2775972e8f1f8446a71549bd8980b"
  name = "github.com/pkg/errors"
  packages = ["."]
  pruneopts = "UT"
  revision = "ba968bfe8b2f7e042a574c888954fccecfa385b4"
  version = "v0.8.1"

[[projects]]
  branch = "master"
  digest = "1:52b6e05d3bcbf2be47b36431f24669804a8008be40e0bae0288d903054453669"
  name = "github.com/toolkits/concurrent"
  packages = ["semaphore"]
  pruneopts = "UT"
  revision = "a4371d70e3e308db0d5f90c2b1f5efaa84add725"

[[projects]]
  branch = "master"
  digest = "1:9404e68ff9112d4708c74dc2dd5b9ac3af407b743089498031e62f103ac52d67"
  name = "github.com/toolkits/container"
  packages = ["list"]
  pruneopts = "UT"
  revision = "ba7d73adeaca8dc16c676dedbbb48cc46d3eccb0"

[[projects]]
  branch = "master"
  digest = "1:5d474b29f04d6b8a360caa675e246626f526900640605bd07ea432da00bfde5e"
  name = "github.com/toolkits/file"
  packages = ["."]
  pruneopts = "UT"
  revision = "a5b3c5147e07f934d9f9d00b901a20b2529f1a57"

[[projects]]
  branch = "master"
  digest = "1:d25f222513aa2f539b2f268e367c1c89e75b3e9f1477ff36147d3685f84333ca"
  name = "github.com/toolkits/net"
  packages = ["."]
  pruneopts = "UT"
  revision = "3f39ab6fe3cec98207da42dab32703b498ed92e4"

[[projects]]
  branch = "master"
  digest = "1:16428e9453c5cc7b18a6f58b2dff614f2e1e1d3898624559feb097b872ae5052"
  name = "github.com/toolkits/nux"
  packages = ["."]
  pruneopts = "UT"
  revision = "44d0066188527dd306bfdd4b4a3f99b998b17f80"

[[projects]]
  branch = "master"
  digest = "1:3464ff2d2b88df99fc8b8f9d9ba161ef12fb2b6924021a31b9a780c8eafa106e"
  name = "github.com/toolkits/proc"
  packages = ["."]
  pruneopts = "UT"
  revision = "8c734d0eb0187a2e6b6926a8484c6af16b658ed4"

[[projects]]
  branch = "master"
  digest = "1:25db222bbeb249b9cb2f38df951ac65c34f5dc700c9edc85ec96e3aec5a9a1ee"
  name = "github.com/toolkits/slice"
  packages = ["."]
  pruneopts = "UT"
  revision = "e44a80af24848e28cf208d84778e62e660303159"

[[projects]]
  branch = "master"
  digest = "1:faa4653b951b1cfb20d2fa3dfa526385d144f73518c38aa1a330acf0ef3636cd"
  name = "github.com/toolkits/sys"
  packages = ["."]
  pruneopts = "UT"
  revision = "1f33b217ffafd62561fa8f5b4977dfe3099f47e3"

[[projects]]
  branch = "master"
  digest = "1:ce10da759be5123d7d0cbe2e1f5d5aac5ecd4db0018df3b4dd42ffa9254b3272"
  name = "github.com/toolkits/time"
  packages = ["."]
  pruneopts = "UT"
  revision = "c274716e8d7f05a41031c2fe34b0c1ac6f5e94f9"

[[projects]]
  branch = "master"
  digest = "1:d5891c5bca9c62e5d394ca26491d2b710a1dc08cedeb0ca8f9ac4c3305120b02"
  name = "golang.org/x/crypto"
  packages = [
    "ed25519",
    "ed25519/internal/edwards25519",
  ]
  pruneopts = "UT"
  revision = "b7391e95e576cacdcdd422573063bc057239113d"

[[projects]]
  branch = "master"
  digest = "1:9b37802c6315efc9af776d0fdcbcf670e8d0d622645586595da6985e02c717cd"
  name = "golang.org/x/net"
  packages = [
    "bpf",
    "icmp",
    "internal/iana",
    "internal/socket",
    "internal/socks",
    "ipv4",
    "ipv6",
    "proxy",
  ]
  pruneopts = "UT"
  revision = "1272bf9dcd53ea65c09668fb4c76e65deb740072"

[[projects]]
  branch = "master"
  digest = "1:5637b3b43405643229e55140bb3049dfa7d73957ba9ecfccc31cdadbfbe0b1f9"
  name = "golang.org/x/sys"
  packages = ["unix"]
  pruneopts = "UT"
  revision = "f49334f85ddcf0f08d7fb6dd7363e9e6d6b777eb"

[[projects]]
  digest = "1:4d2e5a73dc1500038e504a8d78b986630e3626dc027bc030ba5c75da257cdb96"
  name = "gopkg.in/yaml.v2"
  packages = ["."]
  pruneopts = "UT"
  revision = "51d6538a90f86fe93ac480b35f37b2be17fef232"
  version = "v2.2.2"

[solve-meta]
  analyzer-name = "dep"
  analyzer-version = 1
  input-imports = [
    "github.com/agl/ed25519",
    "github.com/amir/raidman",
    "github.com/cavaliercoder/grab",
    "github.com/containerd/cgroups",
    "github.com/gaochao1/gosnmp",
    "github.com/gaochao1/sw",
    "github.com/garyburd/redigo/redis",
    "github.com/influxdata/influxdb/client/v2",
    "github.com/kardianos/osext",
    "github.com/miekg/dns",
    "github.com/opencontainers/runtime-spec/specs-go",
    "github.com/toolkits/concurrent/semaphore",
    "github.com/toolkits/container/list",
    "github.com/toolkits/file",
    "github.com/toolkits/net",
    "github.com/toolkits/nux",
    "github.com/toolkits/proc",
    "github.com/toolkits/sys",
    "gopkg.in/yaml.v2",
  ]
  solver-name = "gps-cdcl"
  solver-version = 1
