# This file is autogenerated, do not edit; changes may be undone by the next 'dep ensure'.


[[projects]]
  branch = "master"
  digest = "1:47ea4fbe2ab4aeb9808502c51e657041c2e49b36b83fc1c1a349135cdf16342f"
  name = "github.com/agl/ed25519"
  packages = [
    ".",
    "edwards25519",
  ]
  pruneopts = "UT"
  revision = "5312a61534124124185d41f09206b9fef1d88403"

[[projects]]
  branch = "master"
  digest = "1:388a3664075ad233ab111f9e8374e9121940da4487ea79f0b999465bfb0eadcb"
  name = "github.com/alouca/gologger"
  packages = ["."]
  pruneopts = "UT"
  revision = "7d4b7291de9c9df1b3fe6a3d784b3675b6c0c996"

[[projects]]
  branch = "master"
  digest = "1:8c1eb57ba1e7e111c4365b4447b4ec979e157ea34445b3d29feac0744c9389ee"
  name = "github.com/amir/raidman"
  packages = [
    ".",
    "proto",
  ]
  pruneopts = "UT"
  revision = "1ccc43bfb9c93cb401a4025e49c64ba71e5e668b"

[[projects]]
  digest = "1:18d3339287ed981065cbffedb0dc81196638666d04c83141e973a9bfad1be4a4"
  name = "github.com/cavaliercoder/grab"
  packages = ["."]
  pruneopts = "UT"
  revision = "466b5c0dd1d077be6de521d4e753734b17899a4d"
  version = "v2.0.0"

[[projects]]
  branch = "master"
  digest = "1:0522915ab90923c25e2f2975e5f0122e86f25a9f30b4aaf39f04b47b49c4b35b"
  name = "github.com/containerd/cgroups"
  packages = ["."]
  pruneopts = "UT"
  revision = "3024bc7cc0c88af4b32d38a14444f38e65ab169f"

[[projects]]
  digest = "1:c262724e34fd94dbdcc64516cbf638d5a6737edcd63ec4efebc284e92309afe7"
  name = "github.com/coreos/go-systemd"
  packages = ["dbus"]
  pruneopts = "UT"
  revision = "39ca1b05acc7ad1220e09f133283b8859a8b71ab"
  version = "v17"

[[projects]]
  digest = "1:6f82cacd0af5921e99bf3f46748705239b36489464f4529a1589bc895764fb18"
  name = "github.com/docker/go-units"
  packages = ["."]
  pruneopts = "UT"
  revision = "47565b4f722fb6ceae66b95f853feed578a4a51c"
  version = "v0.3.3"

[[projects]]
  branch = "master"
  digest = "1:9f3a60def1a1eb5ac184e71dde43c6f99606f54d106db7c95f8b8338629a777b"
  name = "github.com/freedomkk-qfeng/go-fastping"
  packages = ["."]
  pruneopts = "UT"
  revision = "d7bb493dee3e090e2ffb6914adddf17c1e7c026c"

[[projects]]
  branch = "master"
  digest = "1:1a0e718a8293e2b1d664d0c80e2dfb872115c48beb5108d191769c6356369a73"
  name = "github.com/gaochao1/gosnmp"
  packages = ["."]
  pruneopts = "UT"
  revision = "783a67a067fd5ead4ae37c06c301435204c75f30"

[[projects]]
  branch = "master"
  digest = "1:eaa7092a714a7daaa4ba31c222f34cc77fe0a06e4d16c52c029d12909ec49d7c"
  name = "github.com/gaochao1/sw"
  packages = ["."]
  pruneopts = "UT"
  revision = "5842711274554438e5103ce3df7e5be74b7b8acf"

[[projects]]
  digest = "1:0594af97b2f4cec6554086eeace6597e20a4b69466eb4ada25adf9f4300dddd2"
  name = "github.com/garyburd/redigo"
  packages = [
    "internal",
    "redis",
  ]
  pruneopts = "UT"
  revision = "a69d19351219b6dd56f274f96d85a7014a2ec34e"
  version = "v1.6.0"

[[projects]]
  digest = "1:57fa4c058c21ce25d0b7272518dd746065117abf6cc706158b0d361202024520"
  name = "github.com/godbus/dbus"
  packages = ["."]
  pruneopts = "UT"
  revision = "a389bdde4dd695d414e47b755e95e72b7826432c"
  version = "v4.1.0"

[[projects]]
  digest = "1:bfc758d5a03d57d97226fac6934551c01bd76612adb119c177395b057a0a46db"
  name = "github.com/gogo/protobuf"
  packages = [
    "gogoproto",
    "proto",
    "protoc-gen-gogo/descriptor",
  ]
  pruneopts = "UT"
  revision = "636bf0302bc95575d69441b25a2603156ffdddf1"
  version = "v1.1.1"

[[projects]]
  digest = "1:97df918963298c287643883209a2c3f642e6593379f97ab400c2a2e219ab647d"
  name = "github.com/golang/protobuf"
  packages = ["proto"]
  pruneopts = "UT"
  revision = "aa810b61a9c79d51363740d207bb46cf8e620ed5"
  version = "v1.2.0"

[[projects]]
  digest = "1:18f8bac7ae238f1d06b347d40fea2a37d029e11ddeac57163182a08c780955f2"
  name = "github.com/influxdata/influxdb"
  packages = [
    "client/v2",
    "models",
    "pkg/escape",
  ]
  pruneopts = "UT"
  revision = "5766854b95ae86cccf6cc8ffe4c5bb9eacc994b8"
  version = "v1.6.1"

[[projects]]
  branch = "master"
  digest = "1:caf6db28595425c0e0f2301a00257d11712f65c1878e12cffc42f6b9a9cf3f23"
  name = "github.com/kardianos/osext"
  packages = ["."]
  pruneopts = "UT"
  revision = "ae77be60afb1dcacde03767a8c37337fad28ac14"

[[projects]]
  digest = "1:463e4140189f8194f9121ca1c7fe3b8e9e9a2ab3d949b43c835c21034927dc62"
  name = "github.com/miekg/dns"
  packages = ["."]
  pruneopts = "UT"
  revision = "5a2b9fab83ff0f8bfc99684bd5f43a37abe560f1"
  version = "v1.0.8"

[[projects]]
  branch = "master"
  digest = "1:00ab96c7789e4f8f093f251f88e68843cb754e30da8c62beef42fdcb7f68c2b4"
  name = "github.com/opencontainers/runtime-spec"
  packages = ["specs-go"]
  pruneopts = "UT"
  revision = "d810dbc60d8c5aeeb3d054bd1132fab2121968ce"

[[projects]]
  digest = "1:40e195917a951a8bf867cd05de2a46aaf1806c50cf92eebf4c16f78cd196f747"
  name = "github.com/pkg/errors"
  packages = ["."]
  pruneopts = "UT"
  revision = "645ef00459ed84a119197bfb8d8205042c6df63d"
  version = "v0.8.0"

[[projects]]
  branch = "master"
  digest = "1:52b6e05d3bcbf2be47b36431f24669804a8008be40e0bae0288d903054453669"
  name = "github.com/toolkits/concurrent"
  packages = ["semaphore"]
  pruneopts = "UT"
  revision = "a4371d70e3e308db0d5f90c2b1f5efaa84add725"

[[projects]]
  branch = "master"
  digest = "1:9404e68ff9112d4708c74dc2dd5b9ac3af407b743089498031e62f103ac52d67"
  name = "github.com/toolkits/container"
  packages = ["list"]
  pruneopts = "UT"
  revision = "ba7d73adeaca8dc16c676dedbbb48cc46d3eccb0"

[[projects]]
  branch = "master"
  digest = "1:5d474b29f04d6b8a360caa675e246626f526900640605bd07ea432da00bfde5e"
  name = "github.com/toolkits/file"
  packages = ["."]
  pruneopts = "UT"
  revision = "a5b3c5147e07f934d9f9d00b901a20b2529f1a57"

[[projects]]
  branch = "master"
  digest = "1:d25f222513aa2f539b2f268e367c1c89e75b3e9f1477ff36147d3685f84333ca"
  name = "github.com/toolkits/net"
  packages = ["."]
  pruneopts = "UT"
  revision = "3f39ab6fe3cec98207da42dab32703b498ed92e4"

[[projects]]
  branch = "master"
  digest = "1:2920f889f3044529501e318932ede930b4f1394e5cdb7a9ea0f70fbd426fbd94"
  name = "github.com/toolkits/nux"
  packages = ["."]
  pruneopts = "UT"
  revision = "d5bf087ae58de8d83fbb04a0a8c8e9d739cb9620"

[[projects]]
  branch = "master"
  digest = "1:3464ff2d2b88df99fc8b8f9d9ba161ef12fb2b6924021a31b9a780c8eafa106e"
  name = "github.com/toolkits/proc"
  packages = ["."]
  pruneopts = "UT"
  revision = "8c734d0eb0187a2e6b6926a8484c6af16b658ed4"

[[projects]]
  branch = "master"
  digest = "1:25db222bbeb249b9cb2f38df951ac65c34f5dc700c9edc85ec96e3aec5a9a1ee"
  name = "github.com/toolkits/slice"
  packages = ["."]
  pruneopts = "UT"
  revision = "e44a80af24848e28cf208d84778e62e660303159"

[[projects]]
  branch = "master"
  digest = "1:faa4653b951b1cfb20d2fa3dfa526385d144f73518c38aa1a330acf0ef3636cd"
  name = "github.com/toolkits/sys"
  packages = ["."]
  pruneopts = "UT"
  revision = "1f33b217ffafd62561fa8f5b4977dfe3099f47e3"

[[projects]]
  branch = "master"
  digest = "1:ce10da759be5123d7d0cbe2e1f5d5aac5ecd4db0018df3b4dd42ffa9254b3272"
  name = "github.com/toolkits/time"
  packages = ["."]
  pruneopts = "UT"
  revision = "c274716e8d7f05a41031c2fe34b0c1ac6f5e94f9"

[[projects]]
  branch = "master"
  digest = "1:d5891c5bca9c62e5d394ca26491d2b710a1dc08cedeb0ca8f9ac4c3305120b02"
  name = "golang.org/x/crypto"
  packages = [
    "ed25519",
    "ed25519/internal/edwards25519",
  ]
  pruneopts = "UT"
  revision = "614d502a4dac94afa3a6ce146bd1736da82514c6"

[[projects]]
  branch = "master"
  digest = "1:cd98b527c0e1175c681f69fe8aec14fa6d6e42aba40ad0f5dd5c42909b98dbc9"
  name = "golang.org/x/net"
  packages = [
    "bpf",
    "icmp",
    "internal/iana",
    "internal/socket",
    "internal/socks",
    "ipv4",
    "ipv6",
    "proxy",
  ]
  pruneopts = "UT"
  revision = "8a410e7b638dca158bf9e766925842f6651ff828"

[[projects]]
  branch = "master"
  digest = "1:19f92ce03256cc8a4467054842ec81f081985becd92bbc443e7604dfe801e6a8"
  name = "golang.org/x/sys"
  packages = ["unix"]
  pruneopts = "UT"
  revision = "4910a1d54f876d7b22162a85f4d066d3ee649450"

[[projects]]
  digest = "1:342378ac4dcb378a5448dd723f0784ae519383532f5e70ade24132c4c8693202"
  name = "gopkg.in/yaml.v2"
  packages = ["."]
  pruneopts = "UT"
  revision = "5420a8b6744d3b0345ab293f6fcba19c978f1183"
  version = "v2.2.1"

[solve-meta]
  analyzer-name = "dep"
  analyzer-version = 1
  input-imports = [
    "github.com/agl/ed25519",
    "github.com/amir/raidman",
    "github.com/cavaliercoder/grab",
    "github.com/containerd/cgroups",
    "github.com/gaochao1/gosnmp",
    "github.com/gaochao1/sw",
    "github.com/garyburd/redigo/redis",
    "github.com/influxdata/influxdb/client/v2",
    "github.com/kardianos/osext",
    "github.com/miekg/dns",
    "github.com/opencontainers/runtime-spec/specs-go",
    "github.com/toolkits/concurrent/semaphore",
    "github.com/toolkits/container/list",
    "github.com/toolkits/file",
    "github.com/toolkits/net",
    "github.com/toolkits/nux",
    "github.com/toolkits/proc",
    "github.com/toolkits/sys",
    "gopkg.in/yaml.v2",
  ]
  solver-name = "gps-cdcl"
  solver-version = 1
