hash: 45d480c90df307171e932e71efc7a6d22379c6a4560ae1f9398bdc5c4e69523d
updated: 2016-11-04T14:14:34.005167+08:00
imports:
- name: github.com/toolkits/file
  version: a5b3c5147e07f934d9f9d00b901a20b2529f1a57
- name: github.com/toolkits/net
  version: 3f39ab6fe3cec98207da42dab32703b498ed92e4
- name: github.com/toolkits/nux
  version: 40e948efd15371c0381842833894bc71dea076e4
- name: github.com/toolkits/slice
  version: e44a80af24848e28cf208d84778e62e660303159
- name: github.com/toolkits/sys
  version: c2ba2f18687baca160678068546bec95f7f22380
- name: github.com/toolkits/time
  version: c274716e8d7f05a41031c2fe34b0c1ac6f5e94f9
testImports: []
